// !$*UTF8*$!
{
	archiveVersion = 1;
	classes = {
	};
	objectVersion = 48;
	objects = {

/* Begin PBXBuildFile section */
		BA8B26D52422ED2A003EF1DA /* a.cpp in Sources */ = {isa = PBXBuildFile; fileRef = BA8B26D42422ED2A003EF1DA /* a.cpp */; };
/* End PBXBuildFile section */

/* Begin PBXCopyFilesBuildPhase section */
		BA6A0D102414501A000603DF /* CopyFiles */ = {
			isa = PBXCopyFilesBuildPhase;
			buildActionMask = 2147483647;
			dstPath = /usr/share/man/man1/;
			dstSubfolderSpec = 0;
			files = (
			);
			runOnlyForDeploymentPostprocessing = 1;
		};
/* End PBXCopyFilesBuildPhase section */

/* Begin PBXFileReference section */
		BA6A0D122414501A000603DF /* StandardTemplateLibrary */ = {isa = PBXFileReference; explicitFileType = "compiled.mach-o.executable"; includeInIndex = 0; path = StandardTemplateLibrary; sourceTree = BUILT_PRODUCTS_DIR; };
		BA6A0D152414501A000603DF /* PassingFunctionAsParamter.cpp */ = {isa = PBXFileReference; lastKnownFileType = sourcecode.cpp.cpp; path = PassingFunctionAsParamter.cpp; sourceTree = "<group>"; };
		BA8B26BF24228F7D003EF1DA /* lengthofallsubstringwithdistinctelements.cpp */ = {isa = PBXFileReference; lastKnownFileType = sourcecode.cpp.cpp; path = lengthofallsubstringwithdistinctelements.cpp; sourceTree = "<group>"; };
		BA8B26D42422ED2A003EF1DA /* a.cpp */ = {isa = PBXFileReference; lastKnownFileType = sourcecode.cpp.cpp; path = a.cpp; sourceTree = "<group>"; };
		BAD60AF02421252900C06C65 /* SortingListOfStrings.cpp */ = {isa = PBXFileReference; lastKnownFileType = sourcecode.cpp.cpp; path = SortingListOfStrings.cpp; sourceTree = "<group>"; };
		BAD60AF22421281C00C06C65 /* StringTokenization.cpp */ = {isa = PBXFileReference; lastKnownFileType = sourcecode.cpp.cpp; path = StringTokenization.cpp; sourceTree = "<group>"; };
		BAD60AF62421668A00C06C65 /* MedianOf2SortedArrays.cpp */ = {isa = PBXFileReference; lastKnownFileType = sourcecode.cpp.cpp; path = MedianOf2SortedArrays.cpp; sourceTree = "<group>"; };
		BAD60AF824216C1300C06C65 /* HostelVisit.cpp */ = {isa = PBXFileReference; lastKnownFileType = sourcecode.cpp.cpp; path = HostelVisit.cpp; sourceTree = "<group>"; };
		BAD60AFA2421711700C06C65 /* stringwindow.cpp */ = {isa = PBXFileReference; lastKnownFileType = sourcecode.cpp.cpp; path = stringwindow.cpp; sourceTree = "<group>"; };
		BAD60AFC24218C8B00C06C65 /* LargestPalindromWithKswaps.cpp */ = {isa = PBXFileReference; lastKnownFileType = sourcecode.cpp.cpp; path = LargestPalindromWithKswaps.cpp; sourceTree = "<group>"; };
/* End PBXFileReference section */

/* Begin PBXFrameworksBuildPhase section */
		BA6A0D0F2414501A000603DF /* Frameworks */ = {
			isa = PBXFrameworksBuildPhase;
			buildActionMask = 2147483647;
			files = (
			);
			runOnlyForDeploymentPostprocessing = 0;
		};
/* End PBXFrameworksBuildPhase section */

/* Begin PBXGroup section */
		BA6A0D092414501A000603DF = {
			isa = PBXGroup;
			children = (
				BA6A0D142414501A000603DF /* StandardTemplateLibrary */,
				BA6A0D132414501A000603DF /* Products */,
			);
			sourceTree = "<group>";
		};
		BA6A0D132414501A000603DF /* Products */ = {
			isa = PBXGroup;
			children = (
				BA6A0D122414501A000603DF /* StandardTemplateLibrary */,
			);
			name = Products;
			sourceTree = "<group>";
		};
		BA6A0D142414501A000603DF /* StandardTemplateLibrary */ = {
			isa = PBXGroup;
			children = (
				BA6A0D152414501A000603DF /* PassingFunctionAsParamter.cpp */,
				BAD60AF62421668A00C06C65 /* MedianOf2SortedArrays.cpp */,
				BAD60AF22421281C00C06C65 /* StringTokenization.cpp */,
				BAD60AF02421252900C06C65 /* SortingListOfStrings.cpp */,
				BAD60AF824216C1300C06C65 /* HostelVisit.cpp */,
				BAD60AFA2421711700C06C65 /* stringwindow.cpp */,
				BAD60AFC24218C8B00C06C65 /* LargestPalindromWithKswaps.cpp */,
				BA8B26D42422ED2A003EF1DA /* a.cpp */,
				BA8B26BF24228F7D003EF1DA /* lengthofallsubstringwithdistinctelements.cpp */,
			);
			path = StandardTemplateLibrary;
			sourceTree = "<group>";
		};
/* End PBXGroup section */

/* Begin PBXNativeTarget section */
		BA6A0D112414501A000603DF /* StandardTemplateLibrary */ = {
			isa = PBXNativeTarget;
			buildConfigurationList = BA6A0D192414501A000603DF /* Build configuration list for PBXNativeTarget "StandardTemplateLibrary" */;
			buildPhases = (
				BA6A0D0E2414501A000603DF /* Sources */,
				BA6A0D0F2414501A000603DF /* Frameworks */,
				BA6A0D102414501A000603DF /* CopyFiles */,
			);
			buildRules = (
			);
			dependencies = (
			);
			name = StandardTemplateLibrary;
			productName = StandardTemplateLibrary;
			productReference = BA6A0D122414501A000603DF /* StandardTemplateLibrary */;
			productType = "com.apple.product-type.tool";
		};
/* End PBXNativeTarget section */

/* Begin PBXProject section */
		BA6A0D0A2414501A000603DF /* Project object */ = {
			isa = PBXProject;
			attributes = {
				LastUpgradeCheck = 0920;
				ORGANIZATIONNAME = "Pradeep Singh";
				TargetAttributes = {
					BA6A0D112414501A000603DF = {
						CreatedOnToolsVersion = 9.2;
						ProvisioningStyle = Automatic;
					};
				};
			};
			buildConfigurationList = BA6A0D0D2414501A000603DF /* Build configuration list for PBXProject "StandardTemplateLibrary" */;
			compatibilityVersion = "Xcode 8.0";
			developmentRegion = en;
			hasScannedForEncodings = 0;
			knownRegions = (
				en,
			);
			mainGroup = BA6A0D092414501A000603DF;
			productRefGroup = BA6A0D132414501A000603DF /* Products */;
			projectDirPath = "";
			projectRoot = "";
			targets = (
				BA6A0D112414501A000603DF /* StandardTemplateLibrary */,
			);
		};
/* End PBXProject section */

/* Begin PBXSourcesBuildPhase section */
		BA6A0D0E2414501A000603DF /* Sources */ = {
			isa = PBXSourcesBuildPhase;
			buildActionMask = 2147483647;
			files = (
				BA8B26D52422ED2A003EF1DA /* a.cpp in Sources */,
			);
			runOnlyForDeploymentPostprocessing = 0;
		};
/* End PBXSourcesBuildPhase section */

/* Begin XCBuildConfiguration section */
		BA6A0D172414501A000603DF /* Debug */ = {
			isa = XCBuildConfiguration;
			buildSettings = {
				ALWAYS_SEARCH_USER_PATHS = NO;
				CLANG_ANALYZER_NONNULL = YES;
				CLANG_ANALYZER_NUMBER_OBJECT_CONVERSION = YES_AGGRESSIVE;
				CLANG_CXX_LANGUAGE_STANDARD = "gnu++14";
				CLANG_CXX_LIBRARY = "libc++";
				CLANG_ENABLE_MODULES = YES;
				CLANG_ENABLE_OBJC_ARC = YES;
				CLANG_WARN_BLOCK_CAPTURE_AUTORELEASING = YES;
				CLANG_WARN_BOOL_CONVERSION = YES;
				CLANG_WARN_COMMA = YES;
				CLANG_WARN_CONSTANT_CONVERSION = YES;
				CLANG_WARN_DIRECT_OBJC_ISA_USAGE = YES_ERROR;
				CLANG_WARN_DOCUMENTATION_COMMENTS = YES;
				CLANG_WARN_EMPTY_BODY = YES;
				CLANG_WARN_ENUM_CONVERSION = YES;
				CLANG_WARN_INFINITE_RECURSION = YES;
				CLANG_WARN_INT_CONVERSION = YES;
				CLANG_WARN_NON_LITERAL_NULL_CONVERSION = YES;
				CLANG_WARN_OBJC_LITERAL_CONVERSION = YES;
				CLANG_WARN_OBJC_ROOT_CLASS = YES_ERROR;
				CLANG_WARN_RANGE_LOOP_ANALYSIS = YES;
				CLANG_WARN_STRICT_PROTOTYPES = YES;
				CLANG_WARN_SUSPICIOUS_MOVE = YES;
				CLANG_WARN_UNGUARDED_AVAILABILITY = YES_AGGRESSIVE;
				CLANG_WARN_UNREACHABLE_CODE = YES;
				CLANG_WARN__DUPLICATE_METHOD_MATCH = YES;
				CODE_SIGN_IDENTITY = "-";
				COPY_PHASE_STRIP = NO;
				DEBUG_INFORMATION_FORMAT = dwarf;
				ENABLE_STRICT_OBJC_MSGSEND = YES;
				ENABLE_TESTABILITY = YES;
				GCC_C_LANGUAGE_STANDARD = gnu11;
				GCC_DYNAMIC_NO_PIC = NO;
				GCC_NO_COMMON_BLOCKS = YES;
				GCC_OPTIMIZATION_LEVEL = 0;
				GCC_PREPROCESSOR_DEFINITIONS = (
					"DEBUG=1",
					"$(inherited)",
				);
				GCC_WARN_64_TO_32_BIT_CONVERSION = YES;
				GCC_WARN_ABOUT_RETURN_TYPE = YES_ERROR;
				GCC_WARN_UNDECLARED_SELECTOR = YES;
				GCC_WARN_UNINITIALIZED_AUTOS = YES_AGGRESSIVE;
				GCC_WARN_UNUSED_FUNCTION = YES;
				GCC_WARN_UNUSED_VARIABLE = YES;
				MACOSX_DEPLOYMENT_TARGET = 10.14;
				MTL_ENABLE_DEBUG_INFO = YES;
				ONLY_ACTIVE_ARCH = YES;
				SDKROOT = macosx;
			};
			name = Debug;
		};
		BA6A0D182414501A000603DF /* Release */ = {
			isa = XCBuildConfiguration;
			buildSettings = {
				ALWAYS_SEARCH_USER_PATHS = NO;
				CLANG_ANALYZER_NONNULL = YES;
				CLANG_ANALYZER_NUMBER_OBJECT_CONVERSION = YES_AGGRESSIVE;
				CLANG_CXX_LANGUAGE_STANDARD = "gnu++14";
				CLANG_CXX_LIBRARY = "libc++";
				CLANG_ENABLE_MODULES = YES;
				CLANG_ENABLE_OBJC_ARC = YES;
				CLANG_WARN_BLOCK_CAPTURE_AUTORELEASING = YES;
				CLANG_WARN_BOOL_CONVERSION = YES;
				CLANG_WARN_COMMA = YES;
				CLANG_WARN_CONSTANT_CONVERSION = YES;
				CLANG_WARN_DIRECT_OBJC_ISA_USAGE = YES_ERROR;
				CLANG_WARN_DOCUMENTATION_COMMENTS = YES;
				CLANG_WARN_EMPTY_BODY = YES;
				CLANG_WARN_ENUM_CONVERSION = YES;
				CLANG_WARN_INFINITE_RECURSION = YES;
				CLANG_WARN_INT_CONVERSION = YES;
				CLANG_WARN_NON_LITERAL_NULL_CONVERSION = YES;
				CLANG_WARN_OBJC_LITERAL_CONVERSION = YES;
				CLANG_WARN_OBJC_ROOT_CLASS = YES_ERROR;
				CLANG_WARN_RANGE_LOOP_ANALYSIS = YES;
				CLANG_WARN_STRICT_PROTOTYPES = YES;
				CLANG_WARN_SUSPICIOUS_MOVE = YES;
				CLANG_WARN_UNGUARDED_AVAILABILITY = YES_AGGRESSIVE;
				CLANG_WARN_UNREACHABLE_CODE = YES;
				CLANG_WARN__DUPLICATE_METHOD_MATCH = YES;
				CODE_SIGN_IDENTITY = "-";
				COPY_PHASE_STRIP = NO;
				DEBUG_INFORMATION_FORMAT = "dwarf-with-dsym";
				ENABLE_NS_ASSERTIONS = NO;
				ENABLE_STRICT_OBJC_MSGSEND = YES;
				GCC_C_LANGUAGE_STANDARD = gnu11;
				GCC_NO_COMMON_BLOCKS = YES;
				GCC_WARN_64_TO_32_BIT_CONVERSION = YES;
				GCC_WARN_ABOUT_RETURN_TYPE = YES_ERROR;
				GCC_WARN_UNDECLARED_SELECTOR = YES;
				GCC_WARN_UNINITIALIZED_AUTOS = YES_AGGRESSIVE;
				GCC_WARN_UNUSED_FUNCTION = YES;
				GCC_WARN_UNUSED_VARIABLE = YES;
				MACOSX_DEPLOYMENT_TARGET = 10.14;
				MTL_ENABLE_DEBUG_INFO = NO;
				SDKROOT = macosx;
			};
			name = Release;
		};
		BA6A0D1A2414501A000603DF /* Debug */ = {
			isa = XCBuildConfiguration;
			buildSettings = {
				CODE_SIGN_STYLE = Automatic;
				PRODUCT_NAME = "$(TARGET_NAME)";
			};
			name = Debug;
		};
		BA6A0D1B2414501A000603DF /* Release */ = {
			isa = XCBuildConfiguration;
			buildSettings = {
				CODE_SIGN_STYLE = Automatic;
				PRODUCT_NAME = "$(TARGET_NAME)";
			};
			name = Release;
		};
/* End XCBuildConfiguration section */

/* Begin XCConfigurationList section */
		BA6A0D0D2414501A000603DF /* Build configuration list for PBXProject "StandardTemplateLibrary" */ = {
			isa = XCConfigurationList;
			buildConfigurations = (
				BA6A0D172414501A000603DF /* Debug */,
				BA6A0D182414501A000603DF /* Release */,
			);
			defaultConfigurationIsVisible = 0;
			defaultConfigurationName = Release;
		};
		BA6A0D192414501A000603DF /* Build configuration list for PBXNativeTarget "StandardTemplateLibrary" */ = {
			isa = XCConfigurationList;
			buildConfigurations = (
				BA6A0D1A2414501A000603DF /* Debug */,
				BA6A0D1B2414501A000603DF /* Release */,
			);
			defaultConfigurationIsVisible = 0;
			defaultConfigurationName = Release;
		};
/* End XCConfigurationList section */
	};
	rootObject = BA6A0D0A2414501A000603DF /* Project object */;
}
